
Microsoft Visual Studio Solution File, Format Version 12.00
# Visual Studio Version 17
VisualStudioVersion = 17.8.34309.116
MinimumVisualStudioVersion = 10.0.40219.1
Project("{FAE04EC0-301F-11D3-BF4B-00C04F79EFBC}") = "ARAM", "ARAM\ARAM.csproj", "{F7FC0BBC-4985-4A46-9506-9354DCE56F1C}"
EndProject
Global
	GlobalSection(SolutionConfigurationPlatforms) = preSolution
		Debug|Any CPU = Debug|Any CPU
		Release|Any CPU = Release|Any CPU
	EndGlobalSection
	GlobalSection(ProjectConfigurationPlatforms) = postSolution
		{F7FC0BBC-4985-4A46-9506-9354DCE56F1C}.Debug|Any CPU.ActiveCfg = Debug|Any CPU
		{F7FC0BBC-4985-4A46-9506-9354DCE56F1C}.Debug|Any CPU.Build.0 = Debug|Any CPU
		{F7FC0BBC-4985-4A46-9506-9354DCE56F1C}.Release|Any CPU.ActiveCfg = Release|Any CPU
		{F7FC0BBC-4985-4A46-9506-9354DCE56F1C}.Release|Any CPU.Build.0 = Release|Any CPU
	EndGlobalSection
	GlobalSection(SolutionProperties) = preSolution
		HideSolutionNode = FALSE
	EndGlobalSection
	GlobalSection(ExtensibilityGlobals) = postSolution
		SolutionGuid = {F1D64D9F-AA7C-4BAA-BF4D-89B92527CD60}
	EndGlobalSection
EndGlobal
